
Microsoft Visual Studio Solution File, Format Version 12.00
# Visual Studio 15
VisualStudioVersion = 15.0.27130.2027
MinimumVisualStudioVersion = 10.0.40219.1
Project("{9A19103F-16F7-4668-BE54-9A1E7A4F7556}") = "BapesTwitterBot.Console", "src\BapesTwitterBot.Console\BapesTwitterBot.Console.csproj", "{7B4BF5FB-C099-47A4-ADCA-B7EBDB0F77EB}"
EndProject
Project("{FAE04EC0-301F-11D3-BF4B-00C04F79EFBC}") = "BapesTwitterBot.Domain", "src\BapesTwitterBot.Domain\BapesTwitterBot.Domain.csproj", "{45F2FABA-DEE7-423D-9E3C-9ED67206BF9C}"
EndProject
Project("{FAE04EC0-301F-11D3-BF4B-00C04F79EFBC}") = "BapesTwitterBot.Service", "src\BapesTwitterBot.Service\BapesTwitterBot.Service.csproj", "{901D4B43-DF3A-4BD5-AD42-9D299753D35D}"
EndProject
Global
	GlobalSection(SolutionConfigurationPlatforms) = preSolution
		Debug|Any CPU = Debug|Any CPU
		Release|Any CPU = Release|Any CPU
	EndGlobalSection
	GlobalSection(ProjectConfigurationPlatforms) = postSolution
		{7B4BF5FB-C099-47A4-ADCA-B7EBDB0F77EB}.Debug|Any CPU.ActiveCfg = Debug|Any CPU
		{7B4BF5FB-C099-47A4-ADCA-B7EBDB0F77EB}.Debug|Any CPU.Build.0 = Debug|Any CPU
		{7B4BF5FB-C099-47A4-ADCA-B7EBDB0F77EB}.Release|Any CPU.ActiveCfg = Release|Any CPU
		{7B4BF5FB-C099-47A4-ADCA-B7EBDB0F77EB}.Release|Any CPU.Build.0 = Release|Any CPU
		{45F2FABA-DEE7-423D-9E3C-9ED67206BF9C}.Debug|Any CPU.ActiveCfg = Debug|Any CPU
		{45F2FABA-DEE7-423D-9E3C-9ED67206BF9C}.Debug|Any CPU.Build.0 = Debug|Any CPU
		{45F2FABA-DEE7-423D-9E3C-9ED67206BF9C}.Release|Any CPU.ActiveCfg = Release|Any CPU
		{45F2FABA-DEE7-423D-9E3C-9ED67206BF9C}.Release|Any CPU.Build.0 = Release|Any CPU
		{80AD0366-94B3-4648-A6B7-5C0F7DACCC95}.Debug|Any CPU.ActiveCfg = Debug|Any CPU
		{80AD0366-94B3-4648-A6B7-5C0F7DACCC95}.Debug|Any CPU.Build.0 = Debug|Any CPU
		{80AD0366-94B3-4648-A6B7-5C0F7DACCC95}.Release|Any CPU.ActiveCfg = Release|Any CPU
		{80AD0366-94B3-4648-A6B7-5C0F7DACCC95}.Release|Any CPU.Build.0 = Release|Any CPU
		{901D4B43-DF3A-4BD5-AD42-9D299753D35D}.Debug|Any CPU.ActiveCfg = Debug|Any CPU
		{901D4B43-DF3A-4BD5-AD42-9D299753D35D}.Debug|Any CPU.Build.0 = Debug|Any CPU
		{901D4B43-DF3A-4BD5-AD42-9D299753D35D}.Release|Any CPU.ActiveCfg = Release|Any CPU
		{901D4B43-DF3A-4BD5-AD42-9D299753D35D}.Release|Any CPU.Build.0 = Release|Any CPU
	EndGlobalSection
	GlobalSection(SolutionProperties) = preSolution
		HideSolutionNode = FALSE
	EndGlobalSection
	GlobalSection(ExtensibilityGlobals) = postSolution
		SolutionGuid = {6A7EC23A-4B92-46E5-9554-E0B64E1DBB48}
	EndGlobalSection
EndGlobal
